
Microsoft Visual Studio Solution File, Format Version 12.00
# Visual Studio Version 17
VisualStudioVersion = 17.11.35219.272
MinimumVisualStudioVersion = 10.0.40219.1
Project("{FAE04EC0-301F-11D3-BF4B-00C04F79EFBC}") = "Bridge", "Bridge\Bridge.csproj", "{87C1ED2B-E792-49CA-A3D5-EFF6F53C0899}"
EndProject
Global
	GlobalSection(SolutionConfigurationPlatforms) = preSolution
		Debug|Any CPU = Debug|Any CPU
		Release|Any CPU = Release|Any CPU
	EndGlobalSection
	GlobalSection(ProjectConfigurationPlatforms) = postSolution
		{87C1ED2B-E792-49CA-A3D5-EFF6F53C0899}.Debug|Any CPU.ActiveCfg = Debug|Any CPU
		{87C1ED2B-E792-49CA-A3D5-EFF6F53C0899}.Debug|Any CPU.Build.0 = Debug|Any CPU
		{87C1ED2B-E792-49CA-A3D5-EFF6F53C0899}.Release|Any CPU.ActiveCfg = Release|Any CPU
		{87C1ED2B-E792-49CA-A3D5-EFF6F53C0899}.Release|Any CPU.Build.0 = Release|Any CPU
	EndGlobalSection
	GlobalSection(SolutionProperties) = preSolution
		HideSolutionNode = FALSE
	EndGlobalSection
	GlobalSection(ExtensibilityGlobals) = postSolution
		SolutionGuid = {045C6746-8992-48A6-B10F-1FE4564D9ED9}
	EndGlobalSection
EndGlobal
